
Microsoft Visual Studio Solution File, Format Version 12.00
# Visual Studio 2013
VisualStudioVersion = 12.0.30501.0
MinimumVisualStudioVersion = 10.0.40219.1
Project("{FAE04EC0-301F-11D3-BF4B-00C04F79EFBC}") = "TWS.Models", "TWS.Models\TWS.Models.csproj", "{DC044A84-0E26-4670-8358-3B46D6A660D3}"
EndProject
Project("{FAE04EC0-301F-11D3-BF4B-00C04F79EFBC}") = "TWS.Data", "TWS.Data\TWS.Data.csproj", "{1C12466E-2BAB-46DC-91A9-6F97C94ECA2D}"
EndProject
Project("{FAE04EC0-301F-11D3-BF4B-00C04F79EFBC}") = "TWS.Tests", "TWS.Tests\TWS.Tests.csproj", "{A3723D02-8C07-42B1-8F1B-B52805AD0910}"
EndProject
Project("{FAE04EC0-301F-11D3-BF4B-00C04F79EFBC}") = "TWS.RestApi", "TWS.RestApi\TWS.RestApi.csproj", "{5CDCAACB-E70F-4524-B942-A9DF202AE560}"
EndProject
Global
	GlobalSection(SolutionConfigurationPlatforms) = preSolution
		Debug|Any CPU = Debug|Any CPU
		Release|Any CPU = Release|Any CPU
	EndGlobalSection
	GlobalSection(ProjectConfigurationPlatforms) = postSolution
		{DC044A84-0E26-4670-8358-3B46D6A660D3}.Debug|Any CPU.ActiveCfg = Debug|Any CPU
		{DC044A84-0E26-4670-8358-3B46D6A660D3}.Debug|Any CPU.Build.0 = Debug|Any CPU
		{DC044A84-0E26-4670-8358-3B46D6A660D3}.Release|Any CPU.ActiveCfg = Release|Any CPU
		{DC044A84-0E26-4670-8358-3B46D6A660D3}.Release|Any CPU.Build.0 = Release|Any CPU
		{1C12466E-2BAB-46DC-91A9-6F97C94ECA2D}.Debug|Any CPU.ActiveCfg = Debug|Any CPU
		{1C12466E-2BAB-46DC-91A9-6F97C94ECA2D}.Debug|Any CPU.Build.0 = Debug|Any CPU
		{1C12466E-2BAB-46DC-91A9-6F97C94ECA2D}.Release|Any CPU.ActiveCfg = Release|Any CPU
		{1C12466E-2BAB-46DC-91A9-6F97C94ECA2D}.Release|Any CPU.Build.0 = Release|Any CPU
		{A3723D02-8C07-42B1-8F1B-B52805AD0910}.Debug|Any CPU.ActiveCfg = Debug|Any CPU
		{A3723D02-8C07-42B1-8F1B-B52805AD0910}.Debug|Any CPU.Build.0 = Debug|Any CPU
		{A3723D02-8C07-42B1-8F1B-B52805AD0910}.Release|Any CPU.ActiveCfg = Release|Any CPU
		{A3723D02-8C07-42B1-8F1B-B52805AD0910}.Release|Any CPU.Build.0 = Release|Any CPU
		{5CDCAACB-E70F-4524-B942-A9DF202AE560}.Debug|Any CPU.ActiveCfg = Debug|Any CPU
		{5CDCAACB-E70F-4524-B942-A9DF202AE560}.Debug|Any CPU.Build.0 = Debug|Any CPU
		{5CDCAACB-E70F-4524-B942-A9DF202AE560}.Release|Any CPU.ActiveCfg = Release|Any CPU
		{5CDCAACB-E70F-4524-B942-A9DF202AE560}.Release|Any CPU.Build.0 = Release|Any CPU
	EndGlobalSection
	GlobalSection(SolutionProperties) = preSolution
		HideSolutionNode = FALSE
	EndGlobalSection
EndGlobal
